
Microsoft Visual Studio Solution File, Format Version 12.00
# Visual Studio Version 16
VisualStudioVersion = 16.0.32106.194
MinimumVisualStudioVersion = 10.0.40219.1
Project("{FAE04EC0-301F-11D3-BF4B-00C04F79EFBC}") = "MVCOnline_Nursery", "MVCOnline_Nursery\MVCOnline_Nursery.csproj", "{8257698E-7FEF-4B05-9B51-3DE24F1407D2}"
EndProject
Global
	GlobalSection(SolutionConfigurationPlatforms) = preSolution
		Debug|Any CPU = Debug|Any CPU
		Release|Any CPU = Release|Any CPU
	EndGlobalSection
	GlobalSection(ProjectConfigurationPlatforms) = postSolution
		{8257698E-7FEF-4B05-9B51-3DE24F1407D2}.Debug|Any CPU.ActiveCfg = Debug|Any CPU
		{8257698E-7FEF-4B05-9B51-3DE24F1407D2}.Debug|Any CPU.Build.0 = Debug|Any CPU
		{8257698E-7FEF-4B05-9B51-3DE24F1407D2}.Release|Any CPU.ActiveCfg = Release|Any CPU
		{8257698E-7FEF-4B05-9B51-3DE24F1407D2}.Release|Any CPU.Build.0 = Release|Any CPU
	EndGlobalSection
	GlobalSection(SolutionProperties) = preSolution
		HideSolutionNode = FALSE
	EndGlobalSection
	GlobalSection(ExtensibilityGlobals) = postSolution
		SolutionGuid = {4F8CA626-FB8A-43BF-A3B2-5B91FEF2A5BE}
	EndGlobalSection
EndGlobal
